PODS:
  - coinbase_wallet_sdk (0.0.1):
    - CoinbaseWalletSDK/CrossPlatform (= 1.0.4)
    - Flutter
  - CoinbaseWalletSDK/Client (1.0.4)
  - CoinbaseWalletSDK/CrossPlatform (1.0.4):
    - CoinbaseWalletSDK/Client
  - Flutter (1.0.0)
  - flutter_secure_storage (6.0.0):
    - Flutter
  - reown_yttrium (0.0.1):
    - Flutter
    - YttriumWrapper (= 0.9.57)
  - YttriumWrapper (0.9.57)

DEPENDENCIES:
  - coinbase_wallet_sdk (from `.symlinks/plugins/coinbase_wallet_sdk/ios`)
  - Flutter (from `Flutter`)
  - flutter_secure_storage (from `.symlinks/plugins/flutter_secure_storage/ios`)
  - reown_yttrium (from `.symlinks/plugins/reown_yttrium/ios`)

SPEC REPOS:
  trunk:
    - CoinbaseWalletSDK
    - YttriumWrapper

EXTERNAL SOURCES:
  coinbase_wallet_sdk:
    :path: ".symlinks/plugins/coinbase_wallet_sdk/ios"
  Flutter:
    :path: Flutter
  flutter_secure_storage:
    :path: ".symlinks/plugins/flutter_secure_storage/ios"
  reown_yttrium:
    :path: ".symlinks/plugins/reown_yttrium/ios"

SPEC CHECKSUMS:
  coinbase_wallet_sdk: c893738400ef78bd20e7f4195cbb38266f7d15e8
  CoinbaseWalletSDK: ea1f37512bbc69ebe07416e3b29bf840f5cc3152
  Flutter: cabc95a1d2626b1b06e7179b784ebcf0c0cde467
  flutter_secure_storage: 1ed9476fba7e7a782b22888f956cce43e2c62f13
  reown_yttrium: 518f6a50e4f291cef7e282ab5f2c955aa63f2e27
  YttriumWrapper: ded5842dc952538bb7f09a1074fdd6d7348bfeaa

PODFILE CHECKSUM: 0772a2bd8cd4c7aaeb2576ddfaf6b03be722593b

COCOAPODS: 1.16.2
