PODS:
  - "appcheck (1.5.4+1)":
    - Flutter
  - coinbase_wallet_sdk (0.0.1):
    - CoinbaseWalletSDK/CrossPlatform (= 1.0.4)
    - Flutter
  - CoinbaseWalletSDK/Client (1.0.4)
  - CoinbaseWalletSDK/CrossPlatform (1.0.4):
    - CoinbaseWalletSDK/Client
  - connectivity_plus (0.0.1):
    - Flutter
  - Flutter (1.0.0)
  - flutter_secure_storage (6.0.0):
    - Flutter
  - integration_test (0.0.1):
    - Flutter
  - package_info_plus (0.4.5):
    - Flutter
  - shared_preferences_foundation (0.0.1):
    - Flutter
    - FlutterMacOS
  - sqflite_darwin (0.0.4):
    - Flutter
    - FlutterMacOS
  - url_launcher_ios (0.0.1):
    - Flutter
  - webview_flutter_wkwebview (0.0.1):
    - Flutter
    - FlutterMacOS

DEPENDENCIES:
  - appcheck (from `.symlinks/plugins/appcheck/ios`)
  - coinbase_wallet_sdk (from `.symlinks/plugins/coinbase_wallet_sdk/ios`)
  - connectivity_plus (from `.symlinks/plugins/connectivity_plus/ios`)
  - Flutter (from `Flutter`)
  - flutter_secure_storage (from `.symlinks/plugins/flutter_secure_storage/ios`)
  - integration_test (from `.symlinks/plugins/integration_test/ios`)
  - package_info_plus (from `.symlinks/plugins/package_info_plus/ios`)
  - shared_preferences_foundation (from `.symlinks/plugins/shared_preferences_foundation/darwin`)
  - sqflite_darwin (from `.symlinks/plugins/sqflite_darwin/darwin`)
  - url_launcher_ios (from `.symlinks/plugins/url_launcher_ios/ios`)
  - webview_flutter_wkwebview (from `.symlinks/plugins/webview_flutter_wkwebview/darwin`)

SPEC REPOS:
  trunk:
    - CoinbaseWalletSDK

EXTERNAL SOURCES:
  appcheck:
    :path: ".symlinks/plugins/appcheck/ios"
  coinbase_wallet_sdk:
    :path: ".symlinks/plugins/coinbase_wallet_sdk/ios"
  connectivity_plus:
    :path: ".symlinks/plugins/connectivity_plus/ios"
  Flutter:
    :path: Flutter
  flutter_secure_storage:
    :path: ".symlinks/plugins/flutter_secure_storage/ios"
  integration_test:
    :path: ".symlinks/plugins/integration_test/ios"
  package_info_plus:
    :path: ".symlinks/plugins/package_info_plus/ios"
  shared_preferences_foundation:
    :path: ".symlinks/plugins/shared_preferences_foundation/darwin"
  sqflite_darwin:
    :path: ".symlinks/plugins/sqflite_darwin/darwin"
  url_launcher_ios:
    :path: ".symlinks/plugins/url_launcher_ios/ios"
  webview_flutter_wkwebview:
    :path: ".symlinks/plugins/webview_flutter_wkwebview/darwin"

SPEC CHECKSUMS:
  appcheck: 3a298b7b76bd61517fe8f2fa6b7a8ba328afb736
  coinbase_wallet_sdk: 7ccd4e1a7940deba6ba9bd81beece999a2268c15
  CoinbaseWalletSDK: ea1f37512bbc69ebe07416e3b29bf840f5cc3152
  connectivity_plus: 2a701ffec2c0ae28a48cf7540e279787e77c447d
  Flutter: cabc95a1d2626b1b06e7179b784ebcf0c0cde467
  flutter_secure_storage: d33dac7ae2ea08509be337e775f6b59f1ff45f12
  integration_test: 252f60fa39af5e17c3aa9899d35d908a0721b573
  package_info_plus: c0502532a26c7662a62a356cebe2692ec5fe4ec4
  shared_preferences_foundation: 5086985c1d43c5ba4d5e69a4e8083a389e2909e6
  sqflite_darwin: 5a7236e3b501866c1c9befc6771dfd73ffb8702d
  url_launcher_ios: bb13df5870e8c4234ca12609d04010a21be43dfa
  webview_flutter_wkwebview: 29eb20d43355b48fe7d07113835b9128f84e3af4

PODFILE CHECKSUM: 0a7d5b7d0e53420cb0284f7b2f171f93843b94d2

COCOAPODS: 1.15.2
