{
  "pins" : [
    {
      "identity" : "sentry-cocoa",
      "kind" : "remoteSourceControl",
      "location" : "https://github.com/getsentry/sentry-cocoa",
      "state" : {
        "revision" : "e9bcb13a491c00da6c9d100fe73954aea9e9d8a6",
        "version" : "8.57.0"
      }
    }
  ],
  "version" : 2
}
