PODS:
  - coinbase_wallet_sdk (0.0.1):
    - CoinbaseWalletSDK/CrossPlatform (= 1.0.4)
    - Flutter
  - CoinbaseWalletSDK/Client (1.0.4)
  - CoinbaseWalletSDK/CrossPlatform (1.0.4):
    - CoinbaseWalletSDK/Client
  - Flutter (1.0.0)
  - flutter_secure_storage (6.0.0):
    - Flutter

DEPENDENCIES:
  - coinbase_wallet_sdk (from `.symlinks/plugins/coinbase_wallet_sdk/ios`)
  - Flutter (from `Flutter`)
  - flutter_secure_storage (from `.symlinks/plugins/flutter_secure_storage/ios`)

SPEC REPOS:
  trunk:
    - CoinbaseWalletSDK

EXTERNAL SOURCES:
  coinbase_wallet_sdk:
    :path: ".symlinks/plugins/coinbase_wallet_sdk/ios"
  Flutter:
    :path: Flutter
  flutter_secure_storage:
    :path: ".symlinks/plugins/flutter_secure_storage/ios"

SPEC CHECKSUMS:
  coinbase_wallet_sdk: c893738400ef78bd20e7f4195cbb38266f7d15e8
  CoinbaseWalletSDK: ea1f37512bbc69ebe07416e3b29bf840f5cc3152
  Flutter: cabc95a1d2626b1b06e7179b784ebcf0c0cde467
  flutter_secure_storage: 1ed9476fba7e7a782b22888f956cce43e2c62f13

PODFILE CHECKSUM: 3c63482e143d1b91d2d2560aee9fb04ecc74ac7e

COCOAPODS: 1.16.2
