PODS:
  - connectivity_plus (0.0.1):
    - Flutter
  - Flutter (1.0.0)
  - flutter_secure_storage (6.0.0):
    - Flutter
  - GoogleDataTransport (10.1.0):
    - nanopb (~> 3.30910.0)
    - PromisesObjC (~> 2.4)
  - GoogleMLKit/BarcodeScanning (7.0.0):
    - GoogleMLKit/MLKitCore
    - MLKitBarcodeScanning (~> 6.0.0)
  - GoogleMLKit/MLKitCore (7.0.0):
    - MLKitCommon (~> 12.0.0)
  - GoogleToolboxForMac/Defines (4.2.1)
  - GoogleToolboxForMac/Logger (4.2.1):
    - GoogleToolboxForMac/Defines (= 4.2.1)
  - "GoogleToolboxForMac/NSData+zlib (4.2.1)":
    - GoogleToolboxForMac/Defines (= 4.2.1)
  - GoogleUtilities/Environment (8.1.0):
    - GoogleUtilities/Privacy
  - GoogleUtilities/Logger (8.1.0):
    - GoogleUtilities/Environment
    - GoogleUtilities/Privacy
  - GoogleUtilities/Privacy (8.1.0)
  - GoogleUtilities/UserDefaults (8.1.0):
    - GoogleUtilities/Logger
    - GoogleUtilities/Privacy
  - GTMSessionFetcher/Core (3.5.0)
  - MLImage (1.0.0-beta6)
  - MLKitBarcodeScanning (6.0.0):
    - MLKitCommon (~> 12.0)
    - MLKitVision (~> 8.0)
  - MLKitCommon (12.0.0):
    - GoogleDataTransport (~> 10.0)
    - GoogleToolboxForMac/Logger (< 5.0, >= 4.2.1)
    - "GoogleToolboxForMac/NSData+zlib (< 5.0, >= 4.2.1)"
    - GoogleUtilities/Logger (~> 8.0)
    - GoogleUtilities/UserDefaults (~> 8.0)
    - GTMSessionFetcher/Core (< 4.0, >= 3.3.2)
  - MLKitVision (8.0.0):
    - GoogleToolboxForMac/Logger (< 5.0, >= 4.2.1)
    - "GoogleToolboxForMac/NSData+zlib (< 5.0, >= 4.2.1)"
    - GTMSessionFetcher/Core (< 4.0, >= 3.3.2)
    - MLImage (= 1.0.0-beta6)
    - MLKitCommon (~> 12.0)
  - mobile_scanner (6.0.2):
    - Flutter
    - GoogleMLKit/BarcodeScanning (~> 7.0.0)
  - nanopb (3.30910.0):
    - nanopb/decode (= 3.30910.0)
    - nanopb/encode (= 3.30910.0)
  - nanopb/decode (3.30910.0)
  - nanopb/encode (3.30910.0)
  - package_info_plus (0.4.5):
    - Flutter
  - PromisesObjC (2.4.1)
  - reown_yttrium_utils (0.0.1):
    - Flutter
    - YttriumUtilsWrapper (= 0.10.57)
  - Sentry/HybridSDK (8.58.3)
  - sentry_flutter (9.22.0):
    - Flutter
    - FlutterMacOS
    - Sentry/HybridSDK (= 8.58.3)
  - shared_preferences_foundation (0.0.1):
    - Flutter
    - FlutterMacOS
  - sqflite_darwin (0.0.4):
    - Flutter
    - FlutterMacOS
  - url_launcher_ios (0.0.1):
    - Flutter
  - walletconnect_pay (0.0.1):
    - Flutter
    - YttriumWrapper (= 0.10.57)
  - webview_flutter_wkwebview (0.0.1):
    - Flutter
    - FlutterMacOS
  - YttriumUtilsWrapper (0.10.57)
  - YttriumWrapper (0.10.57)

DEPENDENCIES:
  - connectivity_plus (from `.symlinks/plugins/connectivity_plus/ios`)
  - Flutter (from `Flutter`)
  - flutter_secure_storage (from `.symlinks/plugins/flutter_secure_storage/ios`)
  - mobile_scanner (from `.symlinks/plugins/mobile_scanner/ios`)
  - package_info_plus (from `.symlinks/plugins/package_info_plus/ios`)
  - reown_yttrium_utils (from `.symlinks/plugins/reown_yttrium_utils/ios`)
  - sentry_flutter (from `.symlinks/plugins/sentry_flutter/ios`)
  - shared_preferences_foundation (from `.symlinks/plugins/shared_preferences_foundation/darwin`)
  - sqflite_darwin (from `.symlinks/plugins/sqflite_darwin/darwin`)
  - url_launcher_ios (from `.symlinks/plugins/url_launcher_ios/ios`)
  - walletconnect_pay (from `.symlinks/plugins/walletconnect_pay/ios`)
  - webview_flutter_wkwebview (from `.symlinks/plugins/webview_flutter_wkwebview/darwin`)

SPEC REPOS:
  https://github.com/CocoaPods/Specs.git:
    - GoogleDataTransport
    - GoogleMLKit
    - GoogleToolboxForMac
    - GoogleUtilities
    - GTMSessionFetcher
    - MLImage
    - MLKitBarcodeScanning
    - MLKitCommon
    - MLKitVision
    - nanopb
    - PromisesObjC
    - Sentry
    - YttriumUtilsWrapper
    - YttriumWrapper

EXTERNAL SOURCES:
  connectivity_plus:
    :path: ".symlinks/plugins/connectivity_plus/ios"
  Flutter:
    :path: Flutter
  flutter_secure_storage:
    :path: ".symlinks/plugins/flutter_secure_storage/ios"
  mobile_scanner:
    :path: ".symlinks/plugins/mobile_scanner/ios"
  package_info_plus:
    :path: ".symlinks/plugins/package_info_plus/ios"
  reown_yttrium_utils:
    :path: ".symlinks/plugins/reown_yttrium_utils/ios"
  sentry_flutter:
    :path: ".symlinks/plugins/sentry_flutter/ios"
  shared_preferences_foundation:
    :path: ".symlinks/plugins/shared_preferences_foundation/darwin"
  sqflite_darwin:
    :path: ".symlinks/plugins/sqflite_darwin/darwin"
  url_launcher_ios:
    :path: ".symlinks/plugins/url_launcher_ios/ios"
  walletconnect_pay:
    :path: ".symlinks/plugins/walletconnect_pay/ios"
  webview_flutter_wkwebview:
    :path: ".symlinks/plugins/webview_flutter_wkwebview/darwin"

SPEC CHECKSUMS:
  connectivity_plus: cb623214f4e1f6ef8fe7403d580fdad517d2f7dd
  Flutter: cabc95a1d2626b1b06e7179b784ebcf0c0cde467
  flutter_secure_storage: 1ed9476fba7e7a782b22888f956cce43e2c62f13
  GoogleDataTransport: aae35b7ea0c09004c3797d53c8c41f66f219d6a7
  GoogleMLKit: eff9e23ec1d90ea4157a1ee2e32a4f610c5b3318
  GoogleToolboxForMac: d1a2cbf009c453f4d6ded37c105e2f67a32206d8
  GoogleUtilities: 00c88b9a86066ef77f0da2fab05f65d7768ed8e1
  GTMSessionFetcher: 5aea5ba6bd522a239e236100971f10cb71b96ab6
  MLImage: 0ad1c5f50edd027672d8b26b0fee78a8b4a0fc56
  MLKitBarcodeScanning: 0a3064da0a7f49ac24ceb3cb46a5bc67496facd2
  MLKitCommon: 07c2c33ae5640e5380beaaa6e4b9c249a205542d
  MLKitVision: 45e79d68845a2de77e2dd4d7f07947f0ed157b0e
  mobile_scanner: af8f71879eaba2bbcb4d86c6a462c3c0e7f23036
  nanopb: fad817b59e0457d11a5dfbde799381cd727c1275
  package_info_plus: af8e2ca6888548050f16fa2f1938db7b5a5df499
  PromisesObjC: 752c3227f599e3467650e47ea36f433eeb10c273
  reown_yttrium_utils: f6834c869af607ef3e35bd4a5a1279d8a6e9205b
  Sentry: 108fdbb76299c4189af12246bf0308c09c278922
  sentry_flutter: fbb8a76a5a009ce7ba7bde295ee6b50b11916851
  shared_preferences_foundation: 7036424c3d8ec98dfe75ff1667cb0cd531ec82bb
  sqflite_darwin: 20b2a3a3b70e43edae938624ce550a3cbf66a3d0
  url_launcher_ios: 7a95fa5b60cc718a708b8f2966718e93db0cef1b
  walletconnect_pay: e44b50c7f1749d1f5f8833aca56231a1b2b69df3
  webview_flutter_wkwebview: 8ebf4fded22593026f7dbff1fbff31ea98573c8d
  YttriumUtilsWrapper: 6b8e25838fc8a62098b562ca650682040cf9f0bc
  YttriumWrapper: f00470f57bbfa858d346d9a70503c7cc8e10e1e3

PODFILE CHECKSUM: f7ca775d2d7860d344dee1814c9abc4bf4001527

COCOAPODS: 1.16.2
